
Microsoft Visual Studio Solution File, Format Version 12.00
# Visual Studio 15
VisualStudioVersion = 15.0.28010.2016
MinimumVisualStudioVersion = 10.0.40219.1
Project("{FAE04EC0-301F-11D3-BF4B-00C04F79EFBC}") = "_01", "_01\_01.csproj", "{C21A577B-E667-4680-A53C-22A0F86D1A56}"
EndProject
Global
	GlobalSection(SolutionConfigurationPlatforms) = preSolution
		Debug|Any CPU = Debug|Any CPU
		Release|Any CPU = Release|Any CPU
	EndGlobalSection
	GlobalSection(ProjectConfigurationPlatforms) = postSolution
		{C21A577B-E667-4680-A53C-22A0F86D1A56}.Debug|Any CPU.ActiveCfg = Debug|Any CPU
		{C21A577B-E667-4680-A53C-22A0F86D1A56}.Debug|Any CPU.Build.0 = Debug|Any CPU
		{C21A577B-E667-4680-A53C-22A0F86D1A56}.Release|Any CPU.ActiveCfg = Release|Any CPU
		{C21A577B-E667-4680-A53C-22A0F86D1A56}.Release|Any CPU.Build.0 = Release|Any CPU
	EndGlobalSection
	GlobalSection(SolutionProperties) = preSolution
		HideSolutionNode = FALSE
	EndGlobalSection
	GlobalSection(ExtensibilityGlobals) = postSolution
		SolutionGuid = {E1562ED8-91C8-412E-8236-14C1D927B207}
	EndGlobalSection
EndGlobal
